{
  "meteor": {},
  "dependencies": {
    "basePackages": {
      "kadira": {},
      "collection2": {},
      "mondora-asteroid": {},
      "collection-hooks": {},
      "roles": {},
      "npm": {}
    },
    "packages": {
      "kadira": {
        "git": "https://github.com/meteorhacks/kadira.git",
        "tag": "v2.4.12",
        "commit": "08c1f65bec94094f17f5df3ebd65cfcc298e5368"
      },
      "collection2": {
        "git": "https://github.com/aldeed/meteor-collection2.git",
        "tag": "v0.4.5",
        "commit": "336903730249197b3358dac31b1bd5ed64fecc50"
      },
      "mondora-asteroid": {
        "git": "https://github.com/mondora/meteor-asteroid.git",
        "tag": "v0.2.1",
        "commit": "c559c2799bc7c604094ddd8d44c0b98095d752e4"
      },
      "collection-hooks": {
        "git": "https://github.com/matb33/meteor-collection-hooks.git",
        "tag": "v0.7.2",
        "commit": "261f61f07b371ae913463fba8964a9b93cab531b"
      },
      "roles": {
        "git": "https://github.com/alanning/meteor-roles.git",
        "tag": "v1.2.10",
        "commit": "7ccb35de0a6cb0c9a0c3666badd04757e39c09a6"
      },
      "npm": {
        "git": "https://github.com/arunoda/meteor-npm.git",
        "tag": "v0.2.6",
        "commit": "177ab6118de5bf8cffb19481343d5762ff7a2aaf"
      },
      "simple-schema": {
        "git": "https://github.com/aldeed/meteor-simple-schema.git",
        "tag": "v0.6.0",
        "commit": "418ec496612fb2afc853e342f0d2269b6674a2fe"
      }
    }
  }
}
